
Microsoft Visual Studio Solution File, Format Version 12.00
# Visual Studio Version 16
VisualStudioVersion = 16.0.29009.5
MinimumVisualStudioVersion = 10.0.40219.1
Project("{9A19103F-16F7-4668-BE54-9A1E7A4F7556}") = "i18nTool", "i18nTool\i18nTool.csproj", "{6C559068-AA09-40CA-BB18-FCA5F3EEEF5D}"
EndProject
Project("{FAE04EC0-301F-11D3-BF4B-00C04F79EFBC}") = "i18nToolTests", "i18nToolTests\i18nToolTests.csproj", "{C76D6BB9-8E3E-4156-B889-3C68BEE12CF0}"
EndProject
Global
	GlobalSection(SolutionConfigurationPlatforms) = preSolution
		Debug|Any CPU = Debug|Any CPU
		Release|Any CPU = Release|Any CPU
	EndGlobalSection
	GlobalSection(ProjectConfigurationPlatforms) = postSolution
		{6C559068-AA09-40CA-BB18-FCA5F3EEEF5D}.Debug|Any CPU.ActiveCfg = Debug|Any CPU
		{6C559068-AA09-40CA-BB18-FCA5F3EEEF5D}.Debug|Any CPU.Build.0 = Debug|Any CPU
		{6C559068-AA09-40CA-BB18-FCA5F3EEEF5D}.Release|Any CPU.ActiveCfg = Release|Any CPU
		{6C559068-AA09-40CA-BB18-FCA5F3EEEF5D}.Release|Any CPU.Build.0 = Release|Any CPU
		{C76D6BB9-8E3E-4156-B889-3C68BEE12CF0}.Debug|Any CPU.ActiveCfg = Debug|Any CPU
		{C76D6BB9-8E3E-4156-B889-3C68BEE12CF0}.Debug|Any CPU.Build.0 = Debug|Any CPU
		{C76D6BB9-8E3E-4156-B889-3C68BEE12CF0}.Release|Any CPU.ActiveCfg = Release|Any CPU
		{C76D6BB9-8E3E-4156-B889-3C68BEE12CF0}.Release|Any CPU.Build.0 = Release|Any CPU
	EndGlobalSection
	GlobalSection(SolutionProperties) = preSolution
		HideSolutionNode = FALSE
	EndGlobalSection
	GlobalSection(ExtensibilityGlobals) = postSolution
		SolutionGuid = {1FBE1475-433D-4BB9-8B24-7637AB7BB0EE}
	EndGlobalSection
EndGlobal
